
Microsoft Visual Studio Solution File, Format Version 12.00
# Visual Studio Version 17
VisualStudioVersion = 17.4.33122.133
MinimumVisualStudioVersion = 10.0.40219.1
Project("{FAE04EC0-301F-11D3-BF4B-00C04F79EFBC}") = "Ozon", "Ozon\Ozon.csproj", "{54A0B7C6-DAD1-4064-8B46-28B133DE6D57}"
EndProject
Global
	GlobalSection(SolutionConfigurationPlatforms) = preSolution
		Debug|Any CPU = Debug|Any CPU
		Release|Any CPU = Release|Any CPU
	EndGlobalSection
	GlobalSection(ProjectConfigurationPlatforms) = postSolution
		{54A0B7C6-DAD1-4064-8B46-28B133DE6D57}.Debug|Any CPU.ActiveCfg = Debug|Any CPU
		{54A0B7C6-DAD1-4064-8B46-28B133DE6D57}.Debug|Any CPU.Build.0 = Debug|Any CPU
		{54A0B7C6-DAD1-4064-8B46-28B133DE6D57}.Release|Any CPU.ActiveCfg = Release|Any CPU
		{54A0B7C6-DAD1-4064-8B46-28B133DE6D57}.Release|Any CPU.Build.0 = Release|Any CPU
	EndGlobalSection
	GlobalSection(SolutionProperties) = preSolution
		HideSolutionNode = FALSE
	EndGlobalSection
	GlobalSection(ExtensibilityGlobals) = postSolution
		SolutionGuid = {2C64002B-B529-46BE-B981-877DB8242CC5}
	EndGlobalSection
EndGlobal
